// !$*UTF8*$!
{
	archiveVersion = 1;
	classes = {
	};
	objectVersion = 50;
	objects = {

/* Begin PBXBuildFile section */
		28F6EF004011606E5EAFA5CF /* Pods_MemestryTests.framework in Frameworks */ = {isa = PBXBuildFile; fileRef = D1942702857B7EA54D91DA47 /* Pods_MemestryTests.framework */; };
		307456116308015C147FB26F /* Pods_Memestry.framework in Frameworks */ = {isa = PBXBuildFile; fileRef = 48B565C1F37E13BE98447679 /* Pods_Memestry.framework */; };
		CF2A0371E4AAC95A84D6D4AE /* Pods_MemestryUITests.framework in Frameworks */ = {isa = PBXBuildFile; fileRef = F446D6DB939DD89163330631 /* Pods_MemestryUITests.framework */; };
		DE7304E4226F784800F31C25 /* AppDelegate.swift in Sources */ = {isa = PBXBuildFile; fileRef = DE7304E3226F784800F31C25 /* AppDelegate.swift */; };
		DE7304E6226F784800F31C25 /* ViewController.swift in Sources */ = {isa = PBXBuildFile; fileRef = DE7304E5226F784800F31C25 /* ViewController.swift */; };
		DE7304EB226F784A00F31C25 /* Assets.xcassets in Resources */ = {isa = PBXBuildFile; fileRef = DE7304EA226F784A00F31C25 /* Assets.xcassets */; };
		DE7304EE226F784A00F31C25 /* LaunchScreen.storyboard in Resources */ = {isa = PBXBuildFile; fileRef = DE7304EC226F784A00F31C25 /* LaunchScreen.storyboard */; };
		DE7304F9226F784B00F31C25 /* MemestryTests.swift in Sources */ = {isa = PBXBuildFile; fileRef = DE7304F8226F784B00F31C25 /* MemestryTests.swift */; };
		DE730504226F784B00F31C25 /* MemestryUITests.swift in Sources */ = {isa = PBXBuildFile; fileRef = DE730503226F784B00F31C25 /* MemestryUITests.swift */; };
		DE730512226F78DA00F31C25 /* Start.storyboard in Resources */ = {isa = PBXBuildFile; fileRef = DE730511226F78DA00F31C25 /* Start.storyboard */; };
		DE730514226F7D2300F31C25 /* LoginViewController.swift in Sources */ = {isa = PBXBuildFile; fileRef = DE730513226F7D2300F31C25 /* LoginViewController.swift */; };
		DE730516226F86F000F31C25 /* SignUpViewController.swift in Sources */ = {isa = PBXBuildFile; fileRef = DE730515226F86F000F31C25 /* SignUpViewController.swift */; };
		DE730518226FA93B00F31C25 /* HomeViewController.swift in Sources */ = {isa = PBXBuildFile; fileRef = DE730517226FA93B00F31C25 /* HomeViewController.swift */; };
		DE73051A226FAA0B00F31C25 /* GlobalViewController.swift in Sources */ = {isa = PBXBuildFile; fileRef = DE730519226FAA0B00F31C25 /* GlobalViewController.swift */; };
		DE73051C226FAA2300F31C25 /* CameraViewController.swift in Sources */ = {isa = PBXBuildFile; fileRef = DE73051B226FAA2300F31C25 /* CameraViewController.swift */; };
		DE73051E226FAA3600F31C25 /* ProfileViewController.swift in Sources */ = {isa = PBXBuildFile; fileRef = DE73051D226FAA3600F31C25 /* ProfileViewController.swift */; };
		DE730520226FB34600F31C25 /* Main.storyboard in Resources */ = {isa = PBXBuildFile; fileRef = DE73051F226FB34600F31C25 /* Main.storyboard */; };
		DE730522226FC21000F31C25 /* Home.storyboard in Resources */ = {isa = PBXBuildFile; fileRef = DE730521226FC21000F31C25 /* Home.storyboard */; };
		DE730524226FC2C300F31C25 /* GlobalFeed.storyboard in Resources */ = {isa = PBXBuildFile; fileRef = DE730523226FC2C300F31C25 /* GlobalFeed.storyboard */; };
		DE730526226FC37700F31C25 /* Camera.storyboard in Resources */ = {isa = PBXBuildFile; fileRef = DE730525226FC37700F31C25 /* Camera.storyboard */; };
		DE730528226FC3D000F31C25 /* Profile.storyboard in Resources */ = {isa = PBXBuildFile; fileRef = DE730527226FC3D000F31C25 /* Profile.storyboard */; };
		DEBC168F22727328007DB0C7 /* GoogleService-Info.plist in Resources */ = {isa = PBXBuildFile; fileRef = DEBC168E22727328007DB0C7 /* GoogleService-Info.plist */; };
		DEF6E18A227B8586006F60B1 /* MemeCell.swift in Sources */ = {isa = PBXBuildFile; fileRef = DEF6E189227B8586006F60B1 /* MemeCell.swift */; };
/* End PBXBuildFile section */

/* Begin PBXContainerItemProxy section */
		DE7304F5226F784B00F31C25 /* PBXContainerItemProxy */ = {
			isa = PBXContainerItemProxy;
			containerPortal = DE7304D8226F784700F31C25 /* Project object */;
			proxyType = 1;
			remoteGlobalIDString = DE7304DF226F784700F31C25;
			remoteInfo = Memestry;
		};
		DE730500226F784B00F31C25 /* PBXContainerItemProxy */ = {
			isa = PBXContainerItemProxy;
			containerPortal = DE7304D8226F784700F31C25 /* Project object */;
			proxyType = 1;
			remoteGlobalIDString = DE7304DF226F784700F31C25;
			remoteInfo = Memestry;
		};
/* End PBXContainerItemProxy section */

/* Begin PBXFileReference section */
		02A2E970413BC44C0B3B76C6 /* Pods-MemestryTests.debug.xcconfig */ = {isa = PBXFileReference; includeInIndex = 1; lastKnownFileType = text.xcconfig; name = "Pods-MemestryTests.debug.xcconfig"; path = "Pods/Target Support Files/Pods-MemestryTests/Pods-MemestryTests.debug.xcconfig"; sourceTree = "<group>"; };
		262A79BF9C7DE9E00FDB7BAD /* Pods-MemestryUITests.debug.xcconfig */ = {isa = PBXFileReference; includeInIndex = 1; lastKnownFileType = text.xcconfig; name = "Pods-MemestryUITests.debug.xcconfig"; path = "Pods/Target Support Files/Pods-MemestryUITests/Pods-MemestryUITests.debug.xcconfig"; sourceTree = "<group>"; };
		34C6AF655AABDECD4D6D150C /* Pods-Memestry.release.xcconfig */ = {isa = PBXFileReference; includeInIndex = 1; lastKnownFileType = text.xcconfig; name = "Pods-Memestry.release.xcconfig"; path = "Pods/Target Support Files/Pods-Memestry/Pods-Memestry.release.xcconfig"; sourceTree = "<group>"; };
		48B565C1F37E13BE98447679 /* Pods_Memestry.framework */ = {isa = PBXFileReference; explicitFileType = wrapper.framework; includeInIndex = 0; path = Pods_Memestry.framework; sourceTree = BUILT_PRODUCTS_DIR; };
		4E1B97F46EAD0B5370812700 /* Pods-MemestryTests.release.xcconfig */ = {isa = PBXFileReference; includeInIndex = 1; lastKnownFileType = text.xcconfig; name = "Pods-MemestryTests.release.xcconfig"; path = "Pods/Target Support Files/Pods-MemestryTests/Pods-MemestryTests.release.xcconfig"; sourceTree = "<group>"; };
		911A45693F2EB68BECE6AB9F /* Pods-MemestryUITests.release.xcconfig */ = {isa = PBXFileReference; includeInIndex = 1; lastKnownFileType = text.xcconfig; name = "Pods-MemestryUITests.release.xcconfig"; path = "Pods/Target Support Files/Pods-MemestryUITests/Pods-MemestryUITests.release.xcconfig"; sourceTree = "<group>"; };
		AF00D8106A5818CD54D0D91B /* Pods-Memestry.debug.xcconfig */ = {isa = PBXFileReference; includeInIndex = 1; lastKnownFileType = text.xcconfig; name = "Pods-Memestry.debug.xcconfig"; path = "Pods/Target Support Files/Pods-Memestry/Pods-Memestry.debug.xcconfig"; sourceTree = "<group>"; };
		D1942702857B7EA54D91DA47 /* Pods_MemestryTests.framework */ = {isa = PBXFileReference; explicitFileType = wrapper.framework; includeInIndex = 0; path = Pods_MemestryTests.framework; sourceTree = BUILT_PRODUCTS_DIR; };
		DE7304E0226F784800F31C25 /* Memestry.app */ = {isa = PBXFileReference; explicitFileType = wrapper.application; includeInIndex = 0; path = Memestry.app; sourceTree = BUILT_PRODUCTS_DIR; };
		DE7304E3226F784800F31C25 /* AppDelegate.swift */ = {isa = PBXFileReference; lastKnownFileType = sourcecode.swift; path = AppDelegate.swift; sourceTree = "<group>"; };
		DE7304E5226F784800F31C25 /* ViewController.swift */ = {isa = PBXFileReference; lastKnownFileType = sourcecode.swift; path = ViewController.swift; sourceTree = "<group>"; };
		DE7304EA226F784A00F31C25 /* Assets.xcassets */ = {isa = PBXFileReference; lastKnownFileType = folder.assetcatalog; name = Assets.xcassets; path = Memestry/Assets.xcassets; sourceTree = SOURCE_ROOT; };
		DE7304ED226F784A00F31C25 /* Base */ = {isa = PBXFileReference; lastKnownFileType = file.storyboard; name = Base; path = Base.lproj/LaunchScreen.storyboard; sourceTree = "<group>"; };
		DE7304EF226F784A00F31C25 /* Info.plist */ = {isa = PBXFileReference; lastKnownFileType = text.plist.xml; path = Info.plist; sourceTree = "<group>"; };
		DE7304F4226F784B00F31C25 /* MemestryTests.xctest */ = {isa = PBXFileReference; explicitFileType = wrapper.cfbundle; includeInIndex = 0; path = MemestryTests.xctest; sourceTree = BUILT_PRODUCTS_DIR; };
		DE7304F8226F784B00F31C25 /* MemestryTests.swift */ = {isa = PBXFileReference; lastKnownFileType = sourcecode.swift; path = MemestryTests.swift; sourceTree = "<group>"; };
		DE7304FA226F784B00F31C25 /* Info.plist */ = {isa = PBXFileReference; lastKnownFileType = text.plist.xml; path = Info.plist; sourceTree = "<group>"; };
		DE7304FF226F784B00F31C25 /* MemestryUITests.xctest */ = {isa = PBXFileReference; explicitFileType = wrapper.cfbundle; includeInIndex = 0; path = MemestryUITests.xctest; sourceTree = BUILT_PRODUCTS_DIR; };
		DE730503226F784B00F31C25 /* MemestryUITests.swift */ = {isa = PBXFileReference; lastKnownFileType = sourcecode.swift; path = MemestryUITests.swift; sourceTree = "<group>"; };
		DE730505226F784B00F31C25 /* Info.plist */ = {isa = PBXFileReference; lastKnownFileType = text.plist.xml; path = Info.plist; sourceTree = "<group>"; };
		DE730511226F78DA00F31C25 /* Start.storyboard */ = {isa = PBXFileReference; lastKnownFileType = file.storyboard; path = Start.storyboard; sourceTree = "<group>"; };
		DE730513226F7D2300F31C25 /* LoginViewController.swift */ = {isa = PBXFileReference; lastKnownFileType = sourcecode.swift; path = LoginViewController.swift; sourceTree = "<group>"; };
		DE730515226F86F000F31C25 /* SignUpViewController.swift */ = {isa = PBXFileReference; lastKnownFileType = sourcecode.swift; path = SignUpViewController.swift; sourceTree = "<group>"; };
		DE730517226FA93B00F31C25 /* HomeViewController.swift */ = {isa = PBXFileReference; lastKnownFileType = sourcecode.swift; path = HomeViewController.swift; sourceTree = "<group>"; xcLanguageSpecificationIdentifier = xcode.lang.swift; };
		DE730519226FAA0B00F31C25 /* GlobalViewController.swift */ = {isa = PBXFileReference; lastKnownFileType = sourcecode.swift; path = GlobalViewController.swift; sourceTree = "<group>"; };
		DE73051B226FAA2300F31C25 /* CameraViewController.swift */ = {isa = PBXFileReference; lastKnownFileType = sourcecode.swift; path = CameraViewController.swift; sourceTree = "<group>"; };
		DE73051D226FAA3600F31C25 /* ProfileViewController.swift */ = {isa = PBXFileReference; lastKnownFileType = sourcecode.swift; path = ProfileViewController.swift; sourceTree = "<group>"; };
		DE73051F226FB34600F31C25 /* Main.storyboard */ = {isa = PBXFileReference; fileEncoding = 4; lastKnownFileType = file.storyboard; path = Main.storyboard; sourceTree = "<group>"; };
		DE730521226FC21000F31C25 /* Home.storyboard */ = {isa = PBXFileReference; fileEncoding = 4; lastKnownFileType = file.storyboard; path = Home.storyboard; sourceTree = "<group>"; };
		DE730523226FC2C300F31C25 /* GlobalFeed.storyboard */ = {isa = PBXFileReference; fileEncoding = 4; lastKnownFileType = file.storyboard; path = GlobalFeed.storyboard; sourceTree = "<group>"; };
		DE730525226FC37700F31C25 /* Camera.storyboard */ = {isa = PBXFileReference; fileEncoding = 4; lastKnownFileType = file.storyboard; path = Camera.storyboard; sourceTree = "<group>"; };
		DE730527226FC3D000F31C25 /* Profile.storyboard */ = {isa = PBXFileReference; fileEncoding = 4; lastKnownFileType = file.storyboard; path = Profile.storyboard; sourceTree = "<group>"; };
		DEBC168E22727328007DB0C7 /* GoogleService-Info.plist */ = {isa = PBXFileReference; fileEncoding = 4; lastKnownFileType = text.plist.xml; path = "GoogleService-Info.plist"; sourceTree = "<group>"; };
		DEF6E189227B8586006F60B1 /* MemeCell.swift */ = {isa = PBXFileReference; lastKnownFileType = sourcecode.swift; path = MemeCell.swift; sourceTree = "<group>"; };
		F446D6DB939DD89163330631 /* Pods_MemestryUITests.framework */ = {isa = PBXFileReference; explicitFileType = wrapper.framework; includeInIndex = 0; path = Pods_MemestryUITests.framework; sourceTree = BUILT_PRODUCTS_DIR; };
/* End PBXFileReference section */

/* Begin PBXFrameworksBuildPhase section */
		DE7304DD226F784700F31C25 /* Frameworks */ = {
			isa = PBXFrameworksBuildPhase;
			buildActionMask = 2147483647;
			files = (
				307456116308015C147FB26F /* Pods_Memestry.framework in Frameworks */,
			);
			runOnlyForDeploymentPostprocessing = 0;
		};
		DE7304F1226F784B00F31C25 /* Frameworks */ = {
			isa = PBXFrameworksBuildPhase;
			buildActionMask = 2147483647;
			files = (
				28F6EF004011606E5EAFA5CF /* Pods_MemestryTests.framework in Frameworks */,
			);
			runOnlyForDeploymentPostprocessing = 0;
		};
		DE7304FC226F784B00F31C25 /* Frameworks */ = {
			isa = PBXFrameworksBuildPhase;
			buildActionMask = 2147483647;
			files = (
				CF2A0371E4AAC95A84D6D4AE /* Pods_MemestryUITests.framework in Frameworks */,
			);
			runOnlyForDeploymentPostprocessing = 0;
		};
/* End PBXFrameworksBuildPhase section */

/* Begin PBXGroup section */
		64D5E78B2427E9D98BA29465 /* Pods */ = {
			isa = PBXGroup;
			children = (
				AF00D8106A5818CD54D0D91B /* Pods-Memestry.debug.xcconfig */,
				34C6AF655AABDECD4D6D150C /* Pods-Memestry.release.xcconfig */,
				02A2E970413BC44C0B3B76C6 /* Pods-MemestryTests.debug.xcconfig */,
				4E1B97F46EAD0B5370812700 /* Pods-MemestryTests.release.xcconfig */,
				262A79BF9C7DE9E00FDB7BAD /* Pods-MemestryUITests.debug.xcconfig */,
				911A45693F2EB68BECE6AB9F /* Pods-MemestryUITests.release.xcconfig */,
			);
			name = Pods;
			sourceTree = "<group>";
		};
		651362D5A881B9CF10DE4EB4 /* Frameworks */ = {
			isa = PBXGroup;
			children = (
				48B565C1F37E13BE98447679 /* Pods_Memestry.framework */,
				D1942702857B7EA54D91DA47 /* Pods_MemestryTests.framework */,
				F446D6DB939DD89163330631 /* Pods_MemestryUITests.framework */,
			);
			name = Frameworks;
			sourceTree = "<group>";
		};
		DE7304D7226F784700F31C25 = {
			isa = PBXGroup;
			children = (
				DEF6E189227B8586006F60B1 /* MemeCell.swift */,
				DE7304E2226F784800F31C25 /* Memestry */,
				DE7304F7226F784B00F31C25 /* MemestryTests */,
				DE730502226F784B00F31C25 /* MemestryUITests */,
				DE7304E1226F784800F31C25 /* Products */,
				64D5E78B2427E9D98BA29465 /* Pods */,
				651362D5A881B9CF10DE4EB4 /* Frameworks */,
			);
			sourceTree = "<group>";
		};
		DE7304E1226F784800F31C25 /* Products */ = {
			isa = PBXGroup;
			children = (
				DE7304E0226F784800F31C25 /* Memestry.app */,
				DE7304F4226F784B00F31C25 /* MemestryTests.xctest */,
				DE7304FF226F784B00F31C25 /* MemestryUITests.xctest */,
			);
			name = Products;
			sourceTree = "<group>";
		};
		DE7304E2226F784800F31C25 /* Memestry */ = {
			isa = PBXGroup;
			children = (
				DE7304E3226F784800F31C25 /* AppDelegate.swift */,
				DE73052A226FD99700F31C25 /* ViewControllers */,
				DE730529226FD93600F31C25 /* Storyboards */,
				DE7304EC226F784A00F31C25 /* LaunchScreen.storyboard */,
				DE7304EA226F784A00F31C25 /* Assets.xcassets */,
				DE7304EF226F784A00F31C25 /* Info.plist */,
				DEBC168E22727328007DB0C7 /* GoogleService-Info.plist */,
			);
			path = Memestry;
			sourceTree = "<group>";
		};
		DE7304F7226F784B00F31C25 /* MemestryTests */ = {
			isa = PBXGroup;
			children = (
				DE7304F8226F784B00F31C25 /* MemestryTests.swift */,
				DE7304FA226F784B00F31C25 /* Info.plist */,
			);
			path = MemestryTests;
			sourceTree = "<group>";
		};
		DE730502226F784B00F31C25 /* MemestryUITests */ = {
			isa = PBXGroup;
			children = (
				DE730503226F784B00F31C25 /* MemestryUITests.swift */,
				DE730505226F784B00F31C25 /* Info.plist */,
			);
			path = MemestryUITests;
			sourceTree = "<group>";
		};
		DE730529226FD93600F31C25 /* Storyboards */ = {
			isa = PBXGroup;
			children = (
				DE730511226F78DA00F31C25 /* Start.storyboard */,
				DE73051F226FB34600F31C25 /* Main.storyboard */,
				DE730527226FC3D000F31C25 /* Profile.storyboard */,
				DE730525226FC37700F31C25 /* Camera.storyboard */,
				DE730523226FC2C300F31C25 /* GlobalFeed.storyboard */,
				DE730521226FC21000F31C25 /* Home.storyboard */,
			);
			path = Storyboards;
			sourceTree = "<group>";
		};
		DE73052A226FD99700F31C25 /* ViewControllers */ = {
			isa = PBXGroup;
			children = (
				DE730513226F7D2300F31C25 /* LoginViewController.swift */,
				DE730515226F86F000F31C25 /* SignUpViewController.swift */,
				DE730517226FA93B00F31C25 /* HomeViewController.swift */,
				DE730519226FAA0B00F31C25 /* GlobalViewController.swift */,
				DE73051B226FAA2300F31C25 /* CameraViewController.swift */,
				DE73051D226FAA3600F31C25 /* ProfileViewController.swift */,
				DE7304E5226F784800F31C25 /* ViewController.swift */,
			);
			path = ViewControllers;
			sourceTree = "<group>";
		};
/* End PBXGroup section */

/* Begin PBXNativeTarget section */
		DE7304DF226F784700F31C25 /* Memestry */ = {
			isa = PBXNativeTarget;
			buildConfigurationList = DE730508226F784B00F31C25 /* Build configuration list for PBXNativeTarget "Memestry" */;
			buildPhases = (
				320A91F22AFC15EFA4CD31A1 /* [CP] Check Pods Manifest.lock */,
				DE7304DC226F784700F31C25 /* Sources */,
				DE7304DD226F784700F31C25 /* Frameworks */,
				DE7304DE226F784700F31C25 /* Resources */,
				561D55B73EEFE414990F9089 /* [CP] Embed Pods Frameworks */,
			);
			buildRules = (
			);
			dependencies = (
			);
			name = Memestry;
			productName = Memestry;
			productReference = DE7304E0226F784800F31C25 /* Memestry.app */;
			productType = "com.apple.product-type.application";
		};
		DE7304F3226F784B00F31C25 /* MemestryTests */ = {
			isa = PBXNativeTarget;
			buildConfigurationList = DE73050B226F784B00F31C25 /* Build configuration list for PBXNativeTarget "MemestryTests" */;
			buildPhases = (
				E6F597EFCFB2208DE6C4DCDB /* [CP] Check Pods Manifest.lock */,
				DE7304F0226F784B00F31C25 /* Sources */,
				DE7304F1226F784B00F31C25 /* Frameworks */,
				DE7304F2226F784B00F31C25 /* Resources */,
			);
			buildRules = (
			);
			dependencies = (
				DE7304F6226F784B00F31C25 /* PBXTargetDependency */,
			);
			name = MemestryTests;
			productName = MemestryTests;
			productReference = DE7304F4226F784B00F31C25 /* MemestryTests.xctest */;
			productType = "com.apple.product-type.bundle.unit-test";
		};
		DE7304FE226F784B00F31C25 /* MemestryUITests */ = {
			isa = PBXNativeTarget;
			buildConfigurationList = DE73050E226F784B00F31C25 /* Build configuration list for PBXNativeTarget "MemestryUITests" */;
			buildPhases = (
				1A7583E3F2E22032D822E247 /* [CP] Check Pods Manifest.lock */,
				DE7304FB226F784B00F31C25 /* Sources */,
				DE7304FC226F784B00F31C25 /* Frameworks */,
				DE7304FD226F784B00F31C25 /* Resources */,
			);
			buildRules = (
			);
			dependencies = (
				DE730501226F784B00F31C25 /* PBXTargetDependency */,
			);
			name = MemestryUITests;
			productName = MemestryUITests;
			productReference = DE7304FF226F784B00F31C25 /* MemestryUITests.xctest */;
			productType = "com.apple.product-type.bundle.ui-testing";
		};
/* End PBXNativeTarget section */

/* Begin PBXProject section */
		DE7304D8226F784700F31C25 /* Project object */ = {
			isa = PBXProject;
			attributes = {
				LastSwiftUpdateCheck = 1010;
				LastUpgradeCheck = 1010;
				ORGANIZATIONNAME = Codepath;
				TargetAttributes = {
					DE7304DF226F784700F31C25 = {
						CreatedOnToolsVersion = 10.1;
					};
					DE7304F3226F784B00F31C25 = {
						CreatedOnToolsVersion = 10.1;
						TestTargetID = DE7304DF226F784700F31C25;
					};
					DE7304FE226F784B00F31C25 = {
						CreatedOnToolsVersion = 10.1;
						TestTargetID = DE7304DF226F784700F31C25;
					};
				};
			};
			buildConfigurationList = DE7304DB226F784700F31C25 /* Build configuration list for PBXProject "Memestry" */;
			compatibilityVersion = "Xcode 9.3";
			developmentRegion = en;
			hasScannedForEncodings = 0;
			knownRegions = (
				en,
				Base,
			);
			mainGroup = DE7304D7226F784700F31C25;
			productRefGroup = DE7304E1226F784800F31C25 /* Products */;
			projectDirPath = "";
			projectRoot = "";
			targets = (
				DE7304DF226F784700F31C25 /* Memestry */,
				DE7304F3226F784B00F31C25 /* MemestryTests */,
				DE7304FE226F784B00F31C25 /* MemestryUITests */,
			);
		};
/* End PBXProject section */

/* Begin PBXResourcesBuildPhase section */
		DE7304DE226F784700F31C25 /* Resources */ = {
			isa = PBXResourcesBuildPhase;
			buildActionMask = 2147483647;
			files = (
				DE7304EE226F784A00F31C25 /* LaunchScreen.storyboard in Resources */,
				DE730526226FC37700F31C25 /* Camera.storyboard in Resources */,
				DEBC168F22727328007DB0C7 /* GoogleService-Info.plist in Resources */,
				DE730528226FC3D000F31C25 /* Profile.storyboard in Resources */,
				DE730522226FC21000F31C25 /* Home.storyboard in Resources */,
				DE7304EB226F784A00F31C25 /* Assets.xcassets in Resources */,
				DE730512226F78DA00F31C25 /* Start.storyboard in Resources */,
				DE730520226FB34600F31C25 /* Main.storyboard in Resources */,
				DE730524226FC2C300F31C25 /* GlobalFeed.storyboard in Resources */,
			);
			runOnlyForDeploymentPostprocessing = 0;
		};
		DE7304F2226F784B00F31C25 /* Resources */ = {
			isa = PBXResourcesBuildPhase;
			buildActionMask = 2147483647;
			files = (
			);
			runOnlyForDeploymentPostprocessing = 0;
		};
		DE7304FD226F784B00F31C25 /* Resources */ = {
			isa = PBXResourcesBuildPhase;
			buildActionMask = 2147483647;
			files = (
			);
			runOnlyForDeploymentPostprocessing = 0;
		};
/* End PBXResourcesBuildPhase section */

/* Begin PBXShellScriptBuildPhase section */
		1A7583E3F2E22032D822E247 /* [CP] Check Pods Manifest.lock */ = {
			isa = PBXShellScriptBuildPhase;
			buildActionMask = 2147483647;
			files = (
			);
			inputFileListPaths = (
			);
			inputPaths = (
				"${PODS_PODFILE_DIR_PATH}/Podfile.lock",
				"${PODS_ROOT}/Manifest.lock",
			);
			name = "[CP] Check Pods Manifest.lock";
			outputFileListPaths = (
			);
			outputPaths = (
				"$(DERIVED_FILE_DIR)/Pods-MemestryUITests-checkManifestLockResult.txt",
			);
			runOnlyForDeploymentPostprocessing = 0;
			shellPath = /bin/sh;
			shellScript = "diff \"${PODS_PODFILE_DIR_PATH}/Podfile.lock\" \"${PODS_ROOT}/Manifest.lock\" > /dev/null\nif [ $? != 0 ] ; then\n    # print error to STDERR\n    echo \"error: The sandbox is not in sync with the Podfile.lock. Run 'pod install' or update your CocoaPods installation.\" >&2\n    exit 1\nfi\n# This output is used by Xcode 'outputs' to avoid re-running this script phase.\necho \"SUCCESS\" > \"${SCRIPT_OUTPUT_FILE_0}\"\n";
			showEnvVarsInLog = 0;
		};
		320A91F22AFC15EFA4CD31A1 /* [CP] Check Pods Manifest.lock */ = {
			isa = PBXShellScriptBuildPhase;
			buildActionMask = 2147483647;
			files = (
			);
			inputFileListPaths = (
			);
			inputPaths = (
				"${PODS_PODFILE_DIR_PATH}/Podfile.lock",
				"${PODS_ROOT}/Manifest.lock",
			);
			name = "[CP] Check Pods Manifest.lock";
			outputFileListPaths = (
			);
			outputPaths = (
				"$(DERIVED_FILE_DIR)/Pods-Memestry-checkManifestLockResult.txt",
			);
			runOnlyForDeploymentPostprocessing = 0;
			shellPath = /bin/sh;
			shellScript = "diff \"${PODS_PODFILE_DIR_PATH}/Podfile.lock\" \"${PODS_ROOT}/Manifest.lock\" > /dev/null\nif [ $? != 0 ] ; then\n    # print error to STDERR\n    echo \"error: The sandbox is not in sync with the Podfile.lock. Run 'pod install' or update your CocoaPods installation.\" >&2\n    exit 1\nfi\n# This output is used by Xcode 'outputs' to avoid re-running this script phase.\necho \"SUCCESS\" > \"${SCRIPT_OUTPUT_FILE_0}\"\n";
			showEnvVarsInLog = 0;
		};
		561D55B73EEFE414990F9089 /* [CP] Embed Pods Frameworks */ = {
			isa = PBXShellScriptBuildPhase;
			buildActionMask = 2147483647;
			files = (
			);
			inputFileListPaths = (
			);
			inputPaths = (
				"${SRCROOT}/Pods/Target Support Files/Pods-Memestry/Pods-Memestry-frameworks.sh",
				"${BUILT_PRODUCTS_DIR}/Alamofire/Alamofire.framework",
				"${BUILT_PRODUCTS_DIR}/AlamofireImage/AlamofireImage.framework",
				"${BUILT_PRODUCTS_DIR}/GTMSessionFetcher/GTMSessionFetcher.framework",
				"${BUILT_PRODUCTS_DIR}/GoogleUtilities/GoogleUtilities.framework",
				"${BUILT_PRODUCTS_DIR}/leveldb-library/leveldb.framework",
				"${BUILT_PRODUCTS_DIR}/nanopb/nanopb.framework",
			);
			name = "[CP] Embed Pods Frameworks";
			outputFileListPaths = (
			);
			outputPaths = (
				"${TARGET_BUILD_DIR}/${FRAMEWORKS_FOLDER_PATH}/Alamofire.framework",
				"${TARGET_BUILD_DIR}/${FRAMEWORKS_FOLDER_PATH}/AlamofireImage.framework",
				"${TARGET_BUILD_DIR}/${FRAMEWORKS_FOLDER_PATH}/GTMSessionFetcher.framework",
				"${TARGET_BUILD_DIR}/${FRAMEWORKS_FOLDER_PATH}/GoogleUtilities.framework",
				"${TARGET_BUILD_DIR}/${FRAMEWORKS_FOLDER_PATH}/leveldb.framework",
				"${TARGET_BUILD_DIR}/${FRAMEWORKS_FOLDER_PATH}/nanopb.framework",
			);
			runOnlyForDeploymentPostprocessing = 0;
			shellPath = /bin/sh;
			shellScript = "\"${SRCROOT}/Pods/Target Support Files/Pods-Memestry/Pods-Memestry-frameworks.sh\"\n";
			showEnvVarsInLog = 0;
		};
		E6F597EFCFB2208DE6C4DCDB /* [CP] Check Pods Manifest.lock */ = {
			isa = PBXShellScriptBuildPhase;
			buildActionMask = 2147483647;
			files = (
			);
			inputFileListPaths = (
			);
			inputPaths = (
				"${PODS_PODFILE_DIR_PATH}/Podfile.lock",
				"${PODS_ROOT}/Manifest.lock",
			);
			name = "[CP] Check Pods Manifest.lock";
			outputFileListPaths = (
			);
			outputPaths = (
				"$(DERIVED_FILE_DIR)/Pods-MemestryTests-checkManifestLockResult.txt",
			);
			runOnlyForDeploymentPostprocessing = 0;
			shellPath = /bin/sh;
			shellScript = "diff \"${PODS_PODFILE_DIR_PATH}/Podfile.lock\" \"${PODS_ROOT}/Manifest.lock\" > /dev/null\nif [ $? != 0 ] ; then\n    # print error to STDERR\n    echo \"error: The sandbox is not in sync with the Podfile.lock. Run 'pod install' or update your CocoaPods installation.\" >&2\n    exit 1\nfi\n# This output is used by Xcode 'outputs' to avoid re-running this script phase.\necho \"SUCCESS\" > \"${SCRIPT_OUTPUT_FILE_0}\"\n";
			showEnvVarsInLog = 0;
		};
/* End PBXShellScriptBuildPhase section */

/* Begin PBXSourcesBuildPhase section */
		DE7304DC226F784700F31C25 /* Sources */ = {
			isa = PBXSourcesBuildPhase;
			buildActionMask = 2147483647;
			files = (
				DEF6E18A227B8586006F60B1 /* MemeCell.swift in Sources */,
				DE730518226FA93B00F31C25 /* HomeViewController.swift in Sources */,
				DE73051A226FAA0B00F31C25 /* GlobalViewController.swift in Sources */,
				DE730514226F7D2300F31C25 /* LoginViewController.swift in Sources */,
				DE7304E6226F784800F31C25 /* ViewController.swift in Sources */,
				DE73051C226FAA2300F31C25 /* CameraViewController.swift in Sources */,
				DE730516226F86F000F31C25 /* SignUpViewController.swift in Sources */,
				DE73051E226FAA3600F31C25 /* ProfileViewController.swift in Sources */,
				DE7304E4226F784800F31C25 /* AppDelegate.swift in Sources */,
			);
			runOnlyForDeploymentPostprocessing = 0;
		};
		DE7304F0226F784B00F31C25 /* Sources */ = {
			isa = PBXSourcesBuildPhase;
			buildActionMask = 2147483647;
			files = (
				DE7304F9226F784B00F31C25 /* MemestryTests.swift in Sources */,
			);
			runOnlyForDeploymentPostprocessing = 0;
		};
		DE7304FB226F784B00F31C25 /* Sources */ = {
			isa = PBXSourcesBuildPhase;
			buildActionMask = 2147483647;
			files = (
				DE730504226F784B00F31C25 /* MemestryUITests.swift in Sources */,
			);
			runOnlyForDeploymentPostprocessing = 0;
		};
/* End PBXSourcesBuildPhase section */

/* Begin PBXTargetDependency section */
		DE7304F6226F784B00F31C25 /* PBXTargetDependency */ = {
			isa = PBXTargetDependency;
			target = DE7304DF226F784700F31C25 /* Memestry */;
			targetProxy = DE7304F5226F784B00F31C25 /* PBXContainerItemProxy */;
		};
		DE730501226F784B00F31C25 /* PBXTargetDependency */ = {
			isa = PBXTargetDependency;
			target = DE7304DF226F784700F31C25 /* Memestry */;
			targetProxy = DE730500226F784B00F31C25 /* PBXContainerItemProxy */;
		};
/* End PBXTargetDependency section */

/* Begin PBXVariantGroup section */
		DE7304EC226F784A00F31C25 /* LaunchScreen.storyboard */ = {
			isa = PBXVariantGroup;
			children = (
				DE7304ED226F784A00F31C25 /* Base */,
			);
			name = LaunchScreen.storyboard;
			sourceTree = "<group>";
		};
/* End PBXVariantGroup section */

/* Begin XCBuildConfiguration section */
		DE730506226F784B00F31C25 /* Debug */ = {
			isa = XCBuildConfiguration;
			buildSettings = {
				ALWAYS_SEARCH_USER_PATHS = NO;
				CLANG_ANALYZER_NONNULL = YES;
				CLANG_ANALYZER_NUMBER_OBJECT_CONVERSION = YES_AGGRESSIVE;
				CLANG_CXX_LANGUAGE_STANDARD = "gnu++14";
				CLANG_CXX_LIBRARY = "libc++";
				CLANG_ENABLE_MODULES = YES;
				CLANG_ENABLE_OBJC_ARC = YES;
				CLANG_ENABLE_OBJC_WEAK = YES;
				CLANG_WARN_BLOCK_CAPTURE_AUTORELEASING = YES;
				CLANG_WARN_BOOL_CONVERSION = YES;
				CLANG_WARN_COMMA = YES;
				CLANG_WARN_CONSTANT_CONVERSION = YES;
				CLANG_WARN_DEPRECATED_OBJC_IMPLEMENTATIONS = YES;
				CLANG_WARN_DIRECT_OBJC_ISA_USAGE = YES_ERROR;
				CLANG_WARN_DOCUMENTATION_COMMENTS = YES;
				CLANG_WARN_EMPTY_BODY = YES;
				CLANG_WARN_ENUM_CONVERSION = YES;
				CLANG_WARN_INFINITE_RECURSION = YES;
				CLANG_WARN_INT_CONVERSION = YES;
				CLANG_WARN_NON_LITERAL_NULL_CONVERSION = YES;
				CLANG_WARN_OBJC_IMPLICIT_RETAIN_SELF = YES;
				CLANG_WARN_OBJC_LITERAL_CONVERSION = YES;
				CLANG_WARN_OBJC_ROOT_CLASS = YES_ERROR;
				CLANG_WARN_RANGE_LOOP_ANALYSIS = YES;
				CLANG_WARN_STRICT_PROTOTYPES = YES;
				CLANG_WARN_SUSPICIOUS_MOVE = YES;
				CLANG_WARN_UNGUARDED_AVAILABILITY = YES_AGGRESSIVE;
				CLANG_WARN_UNREACHABLE_CODE = YES;
				CLANG_WARN__DUPLICATE_METHOD_MATCH = YES;
				CODE_SIGN_IDENTITY = "iPhone Developer";
				COPY_PHASE_STRIP = NO;
				DEBUG_INFORMATION_FORMAT = dwarf;
				ENABLE_STRICT_OBJC_MSGSEND = YES;
				ENABLE_TESTABILITY = YES;
				GCC_C_LANGUAGE_STANDARD = gnu11;
				GCC_DYNAMIC_NO_PIC = NO;
				GCC_NO_COMMON_BLOCKS = YES;
				GCC_OPTIMIZATION_LEVEL = 0;
				GCC_PREPROCESSOR_DEFINITIONS = (
					"DEBUG=1",
					"$(inherited)",
				);
				GCC_WARN_64_TO_32_BIT_CONVERSION = YES;
				GCC_WARN_ABOUT_RETURN_TYPE = YES_ERROR;
				GCC_WARN_UNDECLARED_SELECTOR = YES;
				GCC_WARN_UNINITIALIZED_AUTOS = YES_AGGRESSIVE;
				GCC_WARN_UNUSED_FUNCTION = YES;
				GCC_WARN_UNUSED_VARIABLE = YES;
				IPHONEOS_DEPLOYMENT_TARGET = 12.1;
				MTL_ENABLE_DEBUG_INFO = INCLUDE_SOURCE;
				MTL_FAST_MATH = YES;
				ONLY_ACTIVE_ARCH = YES;
				SDKROOT = iphoneos;
				SWIFT_ACTIVE_COMPILATION_CONDITIONS = DEBUG;
				SWIFT_OPTIMIZATION_LEVEL = "-Onone";
			};
			name = Debug;
		};
		DE730507226F784B00F31C25 /* Release */ = {
			isa = XCBuildConfiguration;
			buildSettings = {
				ALWAYS_SEARCH_USER_PATHS = NO;
				CLANG_ANALYZER_NONNULL = YES;
				CLANG_ANALYZER_NUMBER_OBJECT_CONVERSION = YES_AGGRESSIVE;
				CLANG_CXX_LANGUAGE_STANDARD = "gnu++14";
				CLANG_CXX_LIBRARY = "libc++";
				CLANG_ENABLE_MODULES = YES;
				CLANG_ENABLE_OBJC_ARC = YES;
				CLANG_ENABLE_OBJC_WEAK = YES;
				CLANG_WARN_BLOCK_CAPTURE_AUTORELEASING = YES;
				CLANG_WARN_BOOL_CONVERSION = YES;
				CLANG_WARN_COMMA = YES;
				CLANG_WARN_CONSTANT_CONVERSION = YES;
				CLANG_WARN_DEPRECATED_OBJC_IMPLEMENTATIONS = YES;
				CLANG_WARN_DIRECT_OBJC_ISA_USAGE = YES_ERROR;
				CLANG_WARN_DOCUMENTATION_COMMENTS = YES;
				CLANG_WARN_EMPTY_BODY = YES;
				CLANG_WARN_ENUM_CONVERSION = YES;
				CLANG_WARN_INFINITE_RECURSION = YES;
				CLANG_WARN_INT_CONVERSION = YES;
				CLANG_WARN_NON_LITERAL_NULL_CONVERSION = YES;
				CLANG_WARN_OBJC_IMPLICIT_RETAIN_SELF = YES;
				CLANG_WARN_OBJC_LITERAL_CONVERSION = YES;
				CLANG_WARN_OBJC_ROOT_CLASS = YES_ERROR;
				CLANG_WARN_RANGE_LOOP_ANALYSIS = YES;
				CLANG_WARN_STRICT_PROTOTYPES = YES;
				CLANG_WARN_SUSPICIOUS_MOVE = YES;
				CLANG_WARN_UNGUARDED_AVAILABILITY = YES_AGGRESSIVE;
				CLANG_WARN_UNREACHABLE_CODE = YES;
				CLANG_WARN__DUPLICATE_METHOD_MATCH = YES;
				CODE_SIGN_IDENTITY = "iPhone Developer";
				COPY_PHASE_STRIP = NO;
				DEBUG_INFORMATION_FORMAT = "dwarf-with-dsym";
				ENABLE_NS_ASSERTIONS = NO;
				ENABLE_STRICT_OBJC_MSGSEND = YES;
				GCC_C_LANGUAGE_STANDARD = gnu11;
				GCC_NO_COMMON_BLOCKS = YES;
				GCC_WARN_64_TO_32_BIT_CONVERSION = YES;
				GCC_WARN_ABOUT_RETURN_TYPE = YES_ERROR;
				GCC_WARN_UNDECLARED_SELECTOR = YES;
				GCC_WARN_UNINITIALIZED_AUTOS = YES_AGGRESSIVE;
				GCC_WARN_UNUSED_FUNCTION = YES;
				GCC_WARN_UNUSED_VARIABLE = YES;
				IPHONEOS_DEPLOYMENT_TARGET = 12.1;
				MTL_ENABLE_DEBUG_INFO = NO;
				MTL_FAST_MATH = YES;
				SDKROOT = iphoneos;
				SWIFT_COMPILATION_MODE = wholemodule;
				SWIFT_OPTIMIZATION_LEVEL = "-O";
				VALIDATE_PRODUCT = YES;
			};
			name = Release;
		};
		DE730509226F784B00F31C25 /* Debug */ = {
			isa = XCBuildConfiguration;
			baseConfigurationReference = AF00D8106A5818CD54D0D91B /* Pods-Memestry.debug.xcconfig */;
			buildSettings = {
				ASSETCATALOG_COMPILER_APPICON_NAME = AppIcon;
				CODE_SIGN_STYLE = Manual;
				DEVELOPMENT_TEAM = "";
				INFOPLIST_FILE = Memestry/Info.plist;
				LD_RUNPATH_SEARCH_PATHS = (
					"$(inherited)",
					"@executable_path/Frameworks",
				);
				PRODUCT_BUNDLE_IDENTIFIER = com.codepath.Memestry;
				PRODUCT_NAME = "$(TARGET_NAME)";
				PROVISIONING_PROFILE_SPECIFIER = "";
				SWIFT_VERSION = 4.2;
				TARGETED_DEVICE_FAMILY = "1,2";
			};
			name = Debug;
		};
		DE73050A226F784B00F31C25 /* Release */ = {
			isa = XCBuildConfiguration;
			baseConfigurationReference = 34C6AF655AABDECD4D6D150C /* Pods-Memestry.release.xcconfig */;
			buildSettings = {
				ASSETCATALOG_COMPILER_APPICON_NAME = AppIcon;
				CODE_SIGN_STYLE = Manual;
				DEVELOPMENT_TEAM = "";
				INFOPLIST_FILE = Memestry/Info.plist;
				LD_RUNPATH_SEARCH_PATHS = (
					"$(inherited)",
					"@executable_path/Frameworks",
				);
				PRODUCT_BUNDLE_IDENTIFIER = com.codepath.Memestry;
				PRODUCT_NAME = "$(TARGET_NAME)";
				PROVISIONING_PROFILE_SPECIFIER = "";
				SWIFT_VERSION = 4.2;
				TARGETED_DEVICE_FAMILY = "1,2";
			};
			name = Release;
		};
		DE73050C226F784B00F31C25 /* Debug */ = {
			isa = XCBuildConfiguration;
			baseConfigurationReference = 02A2E970413BC44C0B3B76C6 /* Pods-MemestryTests.debug.xcconfig */;
			buildSettings = {
				ALWAYS_EMBED_SWIFT_STANDARD_LIBRARIES = YES;
				BUNDLE_LOADER = "$(TEST_HOST)";
				CODE_SIGN_STYLE = Automatic;
				INFOPLIST_FILE = MemestryTests/Info.plist;
				LD_RUNPATH_SEARCH_PATHS = (
					"$(inherited)",
					"@executable_path/Frameworks",
					"@loader_path/Frameworks",
				);
				PRODUCT_BUNDLE_IDENTIFIER = com.codepath.MemestryTests;
				PRODUCT_NAME = "$(TARGET_NAME)";
				SWIFT_VERSION = 4.2;
				TARGETED_DEVICE_FAMILY = "1,2";
				TEST_HOST = "$(BUILT_PRODUCTS_DIR)/Memestry.app/Memestry";
			};
			name = Debug;
		};
		DE73050D226F784B00F31C25 /* Release */ = {
			isa = XCBuildConfiguration;
			baseConfigurationReference = 4E1B97F46EAD0B5370812700 /* Pods-MemestryTests.release.xcconfig */;
			buildSettings = {
				ALWAYS_EMBED_SWIFT_STANDARD_LIBRARIES = YES;
				BUNDLE_LOADER = "$(TEST_HOST)";
				CODE_SIGN_STYLE = Automatic;
				INFOPLIST_FILE = MemestryTests/Info.plist;
				LD_RUNPATH_SEARCH_PATHS = (
					"$(inherited)",
					"@executable_path/Frameworks",
					"@loader_path/Frameworks",
				);
				PRODUCT_BUNDLE_IDENTIFIER = com.codepath.MemestryTests;
				PRODUCT_NAME = "$(TARGET_NAME)";
				SWIFT_VERSION = 4.2;
				TARGETED_DEVICE_FAMILY = "1,2";
				TEST_HOST = "$(BUILT_PRODUCTS_DIR)/Memestry.app/Memestry";
			};
			name = Release;
		};
		DE73050F226F784B00F31C25 /* Debug */ = {
			isa = XCBuildConfiguration;
			baseConfigurationReference = 262A79BF9C7DE9E00FDB7BAD /* Pods-MemestryUITests.debug.xcconfig */;
			buildSettings = {
				ALWAYS_EMBED_SWIFT_STANDARD_LIBRARIES = YES;
				CODE_SIGN_STYLE = Automatic;
				INFOPLIST_FILE = MemestryUITests/Info.plist;
				LD_RUNPATH_SEARCH_PATHS = (
					"$(inherited)",
					"@executable_path/Frameworks",
					"@loader_path/Frameworks",
				);
				PRODUCT_BUNDLE_IDENTIFIER = com.codepath.MemestryUITests;
				PRODUCT_NAME = "$(TARGET_NAME)";
				SWIFT_VERSION = 4.2;
				TARGETED_DEVICE_FAMILY = "1,2";
				TEST_TARGET_NAME = Memestry;
			};
			name = Debug;
		};
		DE730510226F784B00F31C25 /* Release */ = {
			isa = XCBuildConfiguration;
			baseConfigurationReference = 911A45693F2EB68BECE6AB9F /* Pods-MemestryUITests.release.xcconfig */;
			buildSettings = {
				ALWAYS_EMBED_SWIFT_STANDARD_LIBRARIES = YES;
				CODE_SIGN_STYLE = Automatic;
				INFOPLIST_FILE = MemestryUITests/Info.plist;
				LD_RUNPATH_SEARCH_PATHS = (
					"$(inherited)",
					"@executable_path/Frameworks",
					"@loader_path/Frameworks",
				);
				PRODUCT_BUNDLE_IDENTIFIER = com.codepath.MemestryUITests;
				PRODUCT_NAME = "$(TARGET_NAME)";
				SWIFT_VERSION = 4.2;
				TARGETED_DEVICE_FAMILY = "1,2";
				TEST_TARGET_NAME = Memestry;
			};
			name = Release;
		};
/* End XCBuildConfiguration section */

/* Begin XCConfigurationList section */
		DE7304DB226F784700F31C25 /* Build configuration list for PBXProject "Memestry" */ = {
			isa = XCConfigurationList;
			buildConfigurations = (
				DE730506226F784B00F31C25 /* Debug */,
				DE730507226F784B00F31C25 /* Release */,
			);
			defaultConfigurationIsVisible = 0;
			defaultConfigurationName = Release;
		};
		DE730508226F784B00F31C25 /* Build configuration list for PBXNativeTarget "Memestry" */ = {
			isa = XCConfigurationList;
			buildConfigurations = (
				DE730509226F784B00F31C25 /* Debug */,
				DE73050A226F784B00F31C25 /* Release */,
			);
			defaultConfigurationIsVisible = 0;
			defaultConfigurationName = Release;
		};
		DE73050B226F784B00F31C25 /* Build configuration list for PBXNativeTarget "MemestryTests" */ = {
			isa = XCConfigurationList;
			buildConfigurations = (
				DE73050C226F784B00F31C25 /* Debug */,
				DE73050D226F784B00F31C25 /* Release */,
			);
			defaultConfigurationIsVisible = 0;
			defaultConfigurationName = Release;
		};
		DE73050E226F784B00F31C25 /* Build configuration list for PBXNativeTarget "MemestryUITests" */ = {
			isa = XCConfigurationList;
			buildConfigurations = (
				DE73050F226F784B00F31C25 /* Debug */,
				DE730510226F784B00F31C25 /* Release */,
			);
			defaultConfigurationIsVisible = 0;
			defaultConfigurationName = Release;
		};
/* End XCConfigurationList section */
	};
	rootObject = DE7304D8226F784700F31C25 /* Project object */;
}
